
Microsoft Visual Studio Solution File, Format Version 12.00
Project("{FAE04EC0-301F-11D3-BF4B-00C04F79EFBC}") = "ThumbSC", "ThumbSC.csproj", "{944A717C-ACA4-4A2D-ACB3-BA4C4CCC7AFB}"
EndProject
Global
	GlobalSection(SolutionConfigurationPlatforms) = preSolution
		Debug|Any CPU = Debug|Any CPU
		Release|Any CPU = Release|Any CPU
	EndGlobalSection
	GlobalSection(ProjectConfigurationPlatforms) = postSolution
		{944A717C-ACA4-4A2D-ACB3-BA4C4CCC7AFB}.Debug|Any CPU.ActiveCfg = Debug|Any CPU
		{944A717C-ACA4-4A2D-ACB3-BA4C4CCC7AFB}.Debug|Any CPU.Build.0 = Debug|Any CPU
		{944A717C-ACA4-4A2D-ACB3-BA4C4CCC7AFB}.Release|Any CPU.ActiveCfg = Release|Any CPU
		{944A717C-ACA4-4A2D-ACB3-BA4C4CCC7AFB}.Release|Any CPU.Build.0 = Release|Any CPU
	EndGlobalSection
EndGlobal
